
Microsoft Visual Studio Solution File, Format Version 12.00
Project("{F2A71F9B-5D33-465A-A702-920D77279786}") = "engine.core", "engine.core\engine.core.fsproj", "{934FCF94-0BA4-41E3-B3CF-E3C046FB51F0}"
EndProject
Global
	GlobalSection(SolutionConfigurationPlatforms) = preSolution
		Debug|Any CPU = Debug|Any CPU
		Release|Any CPU = Release|Any CPU
	EndGlobalSection
	GlobalSection(ProjectConfigurationPlatforms) = postSolution
		{934FCF94-0BA4-41E3-B3CF-E3C046FB51F0}.Debug|Any CPU.ActiveCfg = Debug|Any CPU
		{934FCF94-0BA4-41E3-B3CF-E3C046FB51F0}.Debug|Any CPU.Build.0 = Debug|Any CPU
		{934FCF94-0BA4-41E3-B3CF-E3C046FB51F0}.Release|Any CPU.ActiveCfg = Release|Any CPU
		{934FCF94-0BA4-41E3-B3CF-E3C046FB51F0}.Release|Any CPU.Build.0 = Release|Any CPU
	EndGlobalSection
EndGlobal
