
Microsoft Visual Studio Solution File, Format Version 12.00
Project("{FAE04EC0-301F-11D3-BF4B-00C04F79EFBC}") = "CSharpConsole", "CSharpConsole\CSharpConsole.csproj", "{F2ED7FD7-3824-4939-9EF0-79F95254BCB3}"
EndProject
Global
	GlobalSection(SolutionConfigurationPlatforms) = preSolution
		Debug|Any CPU = Debug|Any CPU
		Release|Any CPU = Release|Any CPU
	EndGlobalSection
	GlobalSection(ProjectConfigurationPlatforms) = postSolution
		{F2ED7FD7-3824-4939-9EF0-79F95254BCB3}.Debug|Any CPU.ActiveCfg = Debug|Any CPU
		{F2ED7FD7-3824-4939-9EF0-79F95254BCB3}.Debug|Any CPU.Build.0 = Debug|Any CPU
		{F2ED7FD7-3824-4939-9EF0-79F95254BCB3}.Release|Any CPU.ActiveCfg = Release|Any CPU
		{F2ED7FD7-3824-4939-9EF0-79F95254BCB3}.Release|Any CPU.Build.0 = Release|Any CPU
	EndGlobalSection
EndGlobal
