
Microsoft Visual Studio Solution File, Format Version 12.00
Project("{F2A71F9B-5D33-465A-A702-920D77279786}") = "Route", "Route\Route.fsproj", "{8B46EBB6-BDEB-49BE-A122-6888D0AEC384}"
EndProject
Project("{F2A71F9B-5D33-465A-A702-920D77279786}") = "Pathfinding.Core", "Pathfinding.Core\Pathfinding.Core.fsproj", "{A1D1E086-D916-40C2-8A04-5182FA27BC99}"
EndProject
Project("{F2A71F9B-5D33-465A-A702-920D77279786}") = "Tests", "Tests\Tests.fsproj", "{E62CB92F-46BC-400A-8EB9-BB527EA7205A}"
EndProject
Project("{F2A71F9B-5D33-465A-A702-920D77279786}") = "UI", "UI\UI.fsproj", "{E13BCFF3-66D1-4DE7-B669-421ECF9F5699}"
EndProject
Project("{F2A71F9B-5D33-465A-A702-920D77279786}") = "SLibrary", "SLibrary\SLibrary.fsproj", "{B2E7CB7E-2B20-4DF2-AB7A-884CF18E0C59}"
EndProject
Project("{F2A71F9B-5D33-465A-A702-920D77279786}") = "Pathfinding", "Pathfinding\Pathfinding.fsproj", "{FF99E90F-B2B2-4AEE-8FBB-F3DF5A0A0365}"
EndProject
Global
	GlobalSection(SolutionConfigurationPlatforms) = preSolution
		Debug|Any CPU = Debug|Any CPU
		Release|Any CPU = Release|Any CPU
	EndGlobalSection
	GlobalSection(ProjectConfigurationPlatforms) = postSolution
		{8B46EBB6-BDEB-49BE-A122-6888D0AEC384}.Debug|Any CPU.ActiveCfg = Debug|Any CPU
		{8B46EBB6-BDEB-49BE-A122-6888D0AEC384}.Debug|Any CPU.Build.0 = Debug|Any CPU
		{8B46EBB6-BDEB-49BE-A122-6888D0AEC384}.Release|Any CPU.ActiveCfg = Release|Any CPU
		{8B46EBB6-BDEB-49BE-A122-6888D0AEC384}.Release|Any CPU.Build.0 = Release|Any CPU
		{A1D1E086-D916-40C2-8A04-5182FA27BC99}.Debug|Any CPU.ActiveCfg = Debug|Any CPU
		{A1D1E086-D916-40C2-8A04-5182FA27BC99}.Debug|Any CPU.Build.0 = Debug|Any CPU
		{A1D1E086-D916-40C2-8A04-5182FA27BC99}.Release|Any CPU.ActiveCfg = Release|Any CPU
		{A1D1E086-D916-40C2-8A04-5182FA27BC99}.Release|Any CPU.Build.0 = Release|Any CPU
		{E62CB92F-46BC-400A-8EB9-BB527EA7205A}.Debug|Any CPU.ActiveCfg = Debug|Any CPU
		{E62CB92F-46BC-400A-8EB9-BB527EA7205A}.Debug|Any CPU.Build.0 = Debug|Any CPU
		{E62CB92F-46BC-400A-8EB9-BB527EA7205A}.Release|Any CPU.ActiveCfg = Release|Any CPU
		{E62CB92F-46BC-400A-8EB9-BB527EA7205A}.Release|Any CPU.Build.0 = Release|Any CPU
		{E13BCFF3-66D1-4DE7-B669-421ECF9F5699}.Debug|Any CPU.ActiveCfg = Debug|Any CPU
		{E13BCFF3-66D1-4DE7-B669-421ECF9F5699}.Debug|Any CPU.Build.0 = Debug|Any CPU
		{E13BCFF3-66D1-4DE7-B669-421ECF9F5699}.Release|Any CPU.ActiveCfg = Release|Any CPU
		{E13BCFF3-66D1-4DE7-B669-421ECF9F5699}.Release|Any CPU.Build.0 = Release|Any CPU
		{B2E7CB7E-2B20-4DF2-AB7A-884CF18E0C59}.Debug|Any CPU.ActiveCfg = Debug|Any CPU
		{B2E7CB7E-2B20-4DF2-AB7A-884CF18E0C59}.Debug|Any CPU.Build.0 = Debug|Any CPU
		{B2E7CB7E-2B20-4DF2-AB7A-884CF18E0C59}.Release|Any CPU.ActiveCfg = Release|Any CPU
		{B2E7CB7E-2B20-4DF2-AB7A-884CF18E0C59}.Release|Any CPU.Build.0 = Release|Any CPU
		{FF99E90F-B2B2-4AEE-8FBB-F3DF5A0A0365}.Debug|Any CPU.ActiveCfg = Debug|Any CPU
		{FF99E90F-B2B2-4AEE-8FBB-F3DF5A0A0365}.Debug|Any CPU.Build.0 = Debug|Any CPU
		{FF99E90F-B2B2-4AEE-8FBB-F3DF5A0A0365}.Release|Any CPU.ActiveCfg = Release|Any CPU
		{FF99E90F-B2B2-4AEE-8FBB-F3DF5A0A0365}.Release|Any CPU.Build.0 = Release|Any CPU
	EndGlobalSection
EndGlobal
